// !$*UTF8*$!
{
	archiveVersion = 1;
	classes = {
	};
	objectVersion = 50;
	objects = {

/* Begin PBXBuildFile section */
		D6BCA55D229E132500AA0CB7 /* AppDelegate.swift in Sources */ = {isa = PBXBuildFile; fileRef = D6BCA55C229E132500AA0CB7 /* AppDelegate.swift */; };
		D6BCA562229E132500AA0CB7 /* Main.storyboard in Resources */ = {isa = PBXBuildFile; fileRef = D6BCA560229E132500AA0CB7 /* Main.storyboard */; };
		D6BCA564229E132600AA0CB7 /* Assets.xcassets in Resources */ = {isa = PBXBuildFile; fileRef = D6BCA563229E132600AA0CB7 /* Assets.xcassets */; };
		D6BCA567229E132600AA0CB7 /* LaunchScreen.storyboard in Resources */ = {isa = PBXBuildFile; fileRef = D6BCA565229E132600AA0CB7 /* LaunchScreen.storyboard */; };
		D6BCA56F229E1ACB00AA0CB7 /* GigsTableViewController.swift in Sources */ = {isa = PBXBuildFile; fileRef = D6BCA56E229E1ACB00AA0CB7 /* GigsTableViewController.swift */; };
		D6BCA576229E1C7200AA0CB7 /* LoginViewController.swift in Sources */ = {isa = PBXBuildFile; fileRef = D6BCA575229E1C7200AA0CB7 /* LoginViewController.swift */; };
		D6BCA578229E259A00AA0CB7 /* GigsDetailViewController.swift in Sources */ = {isa = PBXBuildFile; fileRef = D6BCA577229E259A00AA0CB7 /* GigsDetailViewController.swift */; };
		D6BCA57A229E270D00AA0CB7 /* Gig.swift in Sources */ = {isa = PBXBuildFile; fileRef = D6BCA579229E270D00AA0CB7 /* Gig.swift */; };
		D6BCA57C229E278900AA0CB7 /* Bearer.swift in Sources */ = {isa = PBXBuildFile; fileRef = D6BCA57B229E278800AA0CB7 /* Bearer.swift */; };
		D6BCA57E229E27FE00AA0CB7 /* User.swift in Sources */ = {isa = PBXBuildFile; fileRef = D6BCA57D229E27FE00AA0CB7 /* User.swift */; };
/* End PBXBuildFile section */

/* Begin PBXFileReference section */
		D6BCA559229E132500AA0CB7 /* Gigs.app */ = {isa = PBXFileReference; explicitFileType = wrapper.application; includeInIndex = 0; path = Gigs.app; sourceTree = BUILT_PRODUCTS_DIR; };
		D6BCA55C229E132500AA0CB7 /* AppDelegate.swift */ = {isa = PBXFileReference; lastKnownFileType = sourcecode.swift; path = AppDelegate.swift; sourceTree = "<group>"; };
		D6BCA561229E132500AA0CB7 /* Base */ = {isa = PBXFileReference; lastKnownFileType = file.storyboard; name = Base; path = Base.lproj/Main.storyboard; sourceTree = "<group>"; };
		D6BCA563229E132600AA0CB7 /* Assets.xcassets */ = {isa = PBXFileReference; lastKnownFileType = folder.assetcatalog; path = Assets.xcassets; sourceTree = "<group>"; };
		D6BCA566229E132600AA0CB7 /* Base */ = {isa = PBXFileReference; lastKnownFileType = file.storyboard; name = Base; path = Base.lproj/LaunchScreen.storyboard; sourceTree = "<group>"; };
		D6BCA568229E132600AA0CB7 /* Info.plist */ = {isa = PBXFileReference; lastKnownFileType = text.plist.xml; path = Info.plist; sourceTree = "<group>"; };
		D6BCA56E229E1ACB00AA0CB7 /* GigsTableViewController.swift */ = {isa = PBXFileReference; lastKnownFileType = sourcecode.swift; path = GigsTableViewController.swift; sourceTree = "<group>"; };
		D6BCA575229E1C7200AA0CB7 /* LoginViewController.swift */ = {isa = PBXFileReference; lastKnownFileType = sourcecode.swift; path = LoginViewController.swift; sourceTree = "<group>"; };
		D6BCA577229E259A00AA0CB7 /* GigsDetailViewController.swift */ = {isa = PBXFileReference; lastKnownFileType = sourcecode.swift; path = GigsDetailViewController.swift; sourceTree = "<group>"; };
		D6BCA579229E270D00AA0CB7 /* Gig.swift */ = {isa = PBXFileReference; lastKnownFileType = sourcecode.swift; path = Gig.swift; sourceTree = "<group>"; };
		D6BCA57B229E278800AA0CB7 /* Bearer.swift */ = {isa = PBXFileReference; lastKnownFileType = sourcecode.swift; path = Bearer.swift; sourceTree = "<group>"; };
		D6BCA57D229E27FE00AA0CB7 /* User.swift */ = {isa = PBXFileReference; lastKnownFileType = sourcecode.swift; path = User.swift; sourceTree = "<group>"; };
/* End PBXFileReference section */

/* Begin PBXFrameworksBuildPhase section */
		D6BCA556229E132500AA0CB7 /* Frameworks */ = {
			isa = PBXFrameworksBuildPhase;
			buildActionMask = 2147483647;
			files = (
			);
			runOnlyForDeploymentPostprocessing = 0;
		};
/* End PBXFrameworksBuildPhase section */

/* Begin PBXGroup section */
		D6BCA550229E132500AA0CB7 = {
			isa = PBXGroup;
			children = (
				D6BCA55B229E132500AA0CB7 /* Gigs */,
				D6BCA55A229E132500AA0CB7 /* Products */,
			);
			sourceTree = "<group>";
		};
		D6BCA55A229E132500AA0CB7 /* Products */ = {
			isa = PBXGroup;
			children = (
				D6BCA559229E132500AA0CB7 /* Gigs.app */,
			);
			name = Products;
			sourceTree = "<group>";
		};
		D6BCA55B229E132500AA0CB7 /* Gigs */ = {
			isa = PBXGroup;
			children = (
				D6BCA574229E1B1C00AA0CB7 /* Models */,
				D6BCA573229E1B1300AA0CB7 /* Model Controllers */,
				D6BCA572229E1B0900AA0CB7 /* View Controllers */,
				D6BCA571229E1AFF00AA0CB7 /* Storyboards */,
				D6BCA570229E1AF400AA0CB7 /* Resources */,
			);
			path = Gigs;
			sourceTree = "<group>";
		};
		D6BCA570229E1AF400AA0CB7 /* Resources */ = {
			isa = PBXGroup;
			children = (
				D6BCA55C229E132500AA0CB7 /* AppDelegate.swift */,
				D6BCA563229E132600AA0CB7 /* Assets.xcassets */,
				D6BCA568229E132600AA0CB7 /* Info.plist */,
			);
			path = Resources;
			sourceTree = "<group>";
		};
		D6BCA571229E1AFF00AA0CB7 /* Storyboards */ = {
			isa = PBXGroup;
			children = (
				D6BCA560229E132500AA0CB7 /* Main.storyboard */,
				D6BCA565229E132600AA0CB7 /* LaunchScreen.storyboard */,
			);
			path = Storyboards;
			sourceTree = "<group>";
		};
		D6BCA572229E1B0900AA0CB7 /* View Controllers */ = {
			isa = PBXGroup;
			children = (
				D6BCA575229E1C7200AA0CB7 /* LoginViewController.swift */,
				D6BCA56E229E1ACB00AA0CB7 /* GigsTableViewController.swift */,
				D6BCA577229E259A00AA0CB7 /* GigsDetailViewController.swift */,
			);
			path = "View Controllers";
			sourceTree = "<group>";
		};
		D6BCA573229E1B1300AA0CB7 /* Model Controllers */ = {
			isa = PBXGroup;
			children = (
			);
			path = "Model Controllers";
			sourceTree = "<group>";
		};
		D6BCA574229E1B1C00AA0CB7 /* Models */ = {
			isa = PBXGroup;
			children = (
				D6BCA579229E270D00AA0CB7 /* Gig.swift */,
				D6BCA57B229E278800AA0CB7 /* Bearer.swift */,
				D6BCA57D229E27FE00AA0CB7 /* User.swift */,
			);
			path = Models;
			sourceTree = "<group>";
		};
/* End PBXGroup section */

/* Begin PBXNativeTarget section */
		D6BCA558229E132500AA0CB7 /* Gigs */ = {
			isa = PBXNativeTarget;
			buildConfigurationList = D6BCA56B229E132600AA0CB7 /* Build configuration list for PBXNativeTarget "Gigs" */;
			buildPhases = (
				D6BCA555229E132500AA0CB7 /* Sources */,
				D6BCA556229E132500AA0CB7 /* Frameworks */,
				D6BCA557229E132500AA0CB7 /* Resources */,
			);
			buildRules = (
			);
			dependencies = (
			);
			name = Gigs;
			productName = Gigs;
			productReference = D6BCA559229E132500AA0CB7 /* Gigs.app */;
			productType = "com.apple.product-type.application";
		};
/* End PBXNativeTarget section */

/* Begin PBXProject section */
		D6BCA551229E132500AA0CB7 /* Project object */ = {
			isa = PBXProject;
			attributes = {
				LastSwiftUpdateCheck = 1020;
				LastUpgradeCheck = 1020;
				ORGANIZATIONNAME = "Michael Stoffer";
				TargetAttributes = {
					D6BCA558229E132500AA0CB7 = {
						CreatedOnToolsVersion = 10.2.1;
					};
				};
			};
			buildConfigurationList = D6BCA554229E132500AA0CB7 /* Build configuration list for PBXProject "Gigs" */;
			compatibilityVersion = "Xcode 9.3";
			developmentRegion = en;
			hasScannedForEncodings = 0;
			knownRegions = (
				en,
				Base,
			);
			mainGroup = D6BCA550229E132500AA0CB7;
			productRefGroup = D6BCA55A229E132500AA0CB7 /* Products */;
			projectDirPath = "";
			projectRoot = "";
			targets = (
				D6BCA558229E132500AA0CB7 /* Gigs */,
			);
		};
/* End PBXProject section */

/* Begin PBXResourcesBuildPhase section */
		D6BCA557229E132500AA0CB7 /* Resources */ = {
			isa = PBXResourcesBuildPhase;
			buildActionMask = 2147483647;
			files = (
				D6BCA567229E132600AA0CB7 /* LaunchScreen.storyboard in Resources */,
				D6BCA564229E132600AA0CB7 /* Assets.xcassets in Resources */,
				D6BCA562229E132500AA0CB7 /* Main.storyboard in Resources */,
			);
			runOnlyForDeploymentPostprocessing = 0;
		};
/* End PBXResourcesBuildPhase section */

/* Begin PBXSourcesBuildPhase section */
		D6BCA555229E132500AA0CB7 /* Sources */ = {
			isa = PBXSourcesBuildPhase;
			buildActionMask = 2147483647;
			files = (
				D6BCA576229E1C7200AA0CB7 /* LoginViewController.swift in Sources */,
				D6BCA578229E259A00AA0CB7 /* GigsDetailViewController.swift in Sources */,
				D6BCA57C229E278900AA0CB7 /* Bearer.swift in Sources */,
				D6BCA55D229E132500AA0CB7 /* AppDelegate.swift in Sources */,
				D6BCA56F229E1ACB00AA0CB7 /* GigsTableViewController.swift in Sources */,
				D6BCA57A229E270D00AA0CB7 /* Gig.swift in Sources */,
				D6BCA57E229E27FE00AA0CB7 /* User.swift in Sources */,
			);
			runOnlyForDeploymentPostprocessing = 0;
		};
/* End PBXSourcesBuildPhase section */

/* Begin PBXVariantGroup section */
		D6BCA560229E132500AA0CB7 /* Main.storyboard */ = {
			isa = PBXVariantGroup;
			children = (
				D6BCA561229E132500AA0CB7 /* Base */,
			);
			name = Main.storyboard;
			sourceTree = "<group>";
		};
		D6BCA565229E132600AA0CB7 /* LaunchScreen.storyboard */ = {
			isa = PBXVariantGroup;
			children = (
				D6BCA566229E132600AA0CB7 /* Base */,
			);
			name = LaunchScreen.storyboard;
			sourceTree = "<group>";
		};
/* End PBXVariantGroup section */

/* Begin XCBuildConfiguration section */
		D6BCA569229E132600AA0CB7 /* Debug */ = {
			isa = XCBuildConfiguration;
			buildSettings = {
				ALWAYS_SEARCH_USER_PATHS = NO;
				CLANG_ANALYZER_NONNULL = YES;
				CLANG_ANALYZER_NUMBER_OBJECT_CONVERSION = YES_AGGRESSIVE;
				CLANG_CXX_LANGUAGE_STANDARD = "gnu++14";
				CLANG_CXX_LIBRARY = "libc++";
				CLANG_ENABLE_MODULES = YES;
				CLANG_ENABLE_OBJC_ARC = YES;
				CLANG_ENABLE_OBJC_WEAK = YES;
				CLANG_WARN_BLOCK_CAPTURE_AUTORELEASING = YES;
				CLANG_WARN_BOOL_CONVERSION = YES;
				CLANG_WARN_COMMA = YES;
				CLANG_WARN_CONSTANT_CONVERSION = YES;
				CLANG_WARN_DEPRECATED_OBJC_IMPLEMENTATIONS = YES;
				CLANG_WARN_DIRECT_OBJC_ISA_USAGE = YES_ERROR;
				CLANG_WARN_DOCUMENTATION_COMMENTS = YES;
				CLANG_WARN_EMPTY_BODY = YES;
				CLANG_WARN_ENUM_CONVERSION = YES;
				CLANG_WARN_INFINITE_RECURSION = YES;
				CLANG_WARN_INT_CONVERSION = YES;
				CLANG_WARN_NON_LITERAL_NULL_CONVERSION = YES;
				CLANG_WARN_OBJC_IMPLICIT_RETAIN_SELF = YES;
				CLANG_WARN_OBJC_LITERAL_CONVERSION = YES;
				CLANG_WARN_OBJC_ROOT_CLASS = YES_ERROR;
				CLANG_WARN_RANGE_LOOP_ANALYSIS = YES;
				CLANG_WARN_STRICT_PROTOTYPES = YES;
				CLANG_WARN_SUSPICIOUS_MOVE = YES;
				CLANG_WARN_UNGUARDED_AVAILABILITY = YES_AGGRESSIVE;
				CLANG_WARN_UNREACHABLE_CODE = YES;
				CLANG_WARN__DUPLICATE_METHOD_MATCH = YES;
				CODE_SIGN_IDENTITY = "iPhone Developer";
				COPY_PHASE_STRIP = NO;
				DEBUG_INFORMATION_FORMAT = dwarf;
				ENABLE_STRICT_OBJC_MSGSEND = YES;
				ENABLE_TESTABILITY = YES;
				GCC_C_LANGUAGE_STANDARD = gnu11;
				GCC_DYNAMIC_NO_PIC = NO;
				GCC_NO_COMMON_BLOCKS = YES;
				GCC_OPTIMIZATION_LEVEL = 0;
				GCC_PREPROCESSOR_DEFINITIONS = (
					"DEBUG=1",
					"$(inherited)",
				);
				GCC_WARN_64_TO_32_BIT_CONVERSION = YES;
				GCC_WARN_ABOUT_RETURN_TYPE = YES_ERROR;
				GCC_WARN_UNDECLARED_SELECTOR = YES;
				GCC_WARN_UNINITIALIZED_AUTOS = YES_AGGRESSIVE;
				GCC_WARN_UNUSED_FUNCTION = YES;
				GCC_WARN_UNUSED_VARIABLE = YES;
				IPHONEOS_DEPLOYMENT_TARGET = 12.2;
				MTL_ENABLE_DEBUG_INFO = INCLUDE_SOURCE;
				MTL_FAST_MATH = YES;
				ONLY_ACTIVE_ARCH = YES;
				SDKROOT = iphoneos;
				SWIFT_ACTIVE_COMPILATION_CONDITIONS = DEBUG;
				SWIFT_OPTIMIZATION_LEVEL = "-Onone";
			};
			name = Debug;
		};
		D6BCA56A229E132600AA0CB7 /* Release */ = {
			isa = XCBuildConfiguration;
			buildSettings = {
				ALWAYS_SEARCH_USER_PATHS = NO;
				CLANG_ANALYZER_NONNULL = YES;
				CLANG_ANALYZER_NUMBER_OBJECT_CONVERSION = YES_AGGRESSIVE;
				CLANG_CXX_LANGUAGE_STANDARD = "gnu++14";
				CLANG_CXX_LIBRARY = "libc++";
				CLANG_ENABLE_MODULES = YES;
				CLANG_ENABLE_OBJC_ARC = YES;
				CLANG_ENABLE_OBJC_WEAK = YES;
				CLANG_WARN_BLOCK_CAPTURE_AUTORELEASING = YES;
				CLANG_WARN_BOOL_CONVERSION = YES;
				CLANG_WARN_COMMA = YES;
				CLANG_WARN_CONSTANT_CONVERSION = YES;
				CLANG_WARN_DEPRECATED_OBJC_IMPLEMENTATIONS = YES;
				CLANG_WARN_DIRECT_OBJC_ISA_USAGE = YES_ERROR;
				CLANG_WARN_DOCUMENTATION_COMMENTS = YES;
				CLANG_WARN_EMPTY_BODY = YES;
				CLANG_WARN_ENUM_CONVERSION = YES;
				CLANG_WARN_INFINITE_RECURSION = YES;
				CLANG_WARN_INT_CONVERSION = YES;
				CLANG_WARN_NON_LITERAL_NULL_CONVERSION = YES;
				CLANG_WARN_OBJC_IMPLICIT_RETAIN_SELF = YES;
				CLANG_WARN_OBJC_LITERAL_CONVERSION = YES;
				CLANG_WARN_OBJC_ROOT_CLASS = YES_ERROR;
				CLANG_WARN_RANGE_LOOP_ANALYSIS = YES;
				CLANG_WARN_STRICT_PROTOTYPES = YES;
				CLANG_WARN_SUSPICIOUS_MOVE = YES;
				CLANG_WARN_UNGUARDED_AVAILABILITY = YES_AGGRESSIVE;
				CLANG_WARN_UNREACHABLE_CODE = YES;
				CLANG_WARN__DUPLICATE_METHOD_MATCH = YES;
				CODE_SIGN_IDENTITY = "iPhone Developer";
				COPY_PHASE_STRIP = NO;
				DEBUG_INFORMATION_FORMAT = "dwarf-with-dsym";
				ENABLE_NS_ASSERTIONS = NO;
				ENABLE_STRICT_OBJC_MSGSEND = YES;
				GCC_C_LANGUAGE_STANDARD = gnu11;
				GCC_NO_COMMON_BLOCKS = YES;
				GCC_WARN_64_TO_32_BIT_CONVERSION = YES;
				GCC_WARN_ABOUT_RETURN_TYPE = YES_ERROR;
				GCC_WARN_UNDECLARED_SELECTOR = YES;
				GCC_WARN_UNINITIALIZED_AUTOS = YES_AGGRESSIVE;
				GCC_WARN_UNUSED_FUNCTION = YES;
				GCC_WARN_UNUSED_VARIABLE = YES;
				IPHONEOS_DEPLOYMENT_TARGET = 12.2;
				MTL_ENABLE_DEBUG_INFO = NO;
				MTL_FAST_MATH = YES;
				SDKROOT = iphoneos;
				SWIFT_COMPILATION_MODE = wholemodule;
				SWIFT_OPTIMIZATION_LEVEL = "-O";
				VALIDATE_PRODUCT = YES;
			};
			name = Release;
		};
		D6BCA56C229E132600AA0CB7 /* Debug */ = {
			isa = XCBuildConfiguration;
			buildSettings = {
				ASSETCATALOG_COMPILER_APPICON_NAME = AppIcon;
				CODE_SIGN_STYLE = Automatic;
				DEVELOPMENT_TEAM = 3XVDLP5XYQ;
				INFOPLIST_FILE = "$(SRCROOT)/Gigs/Resources/Info.plist";
				LD_RUNPATH_SEARCH_PATHS = (
					"$(inherited)",
					"@executable_path/Frameworks",
				);
				PRODUCT_BUNDLE_IDENTIFIER = com.michaelstoffer.Gigs;
				PRODUCT_NAME = "$(TARGET_NAME)";
				SWIFT_VERSION = 5.0;
				TARGETED_DEVICE_FAMILY = "1,2";
			};
			name = Debug;
		};
		D6BCA56D229E132600AA0CB7 /* Release */ = {
			isa = XCBuildConfiguration;
			buildSettings = {
				ASSETCATALOG_COMPILER_APPICON_NAME = AppIcon;
				CODE_SIGN_STYLE = Automatic;
				DEVELOPMENT_TEAM = 3XVDLP5XYQ;
				INFOPLIST_FILE = "$(SRCROOT)/Gigs/Resources/Info.plist";
				LD_RUNPATH_SEARCH_PATHS = (
					"$(inherited)",
					"@executable_path/Frameworks",
				);
				PRODUCT_BUNDLE_IDENTIFIER = com.michaelstoffer.Gigs;
				PRODUCT_NAME = "$(TARGET_NAME)";
				SWIFT_VERSION = 5.0;
				TARGETED_DEVICE_FAMILY = "1,2";
			};
			name = Release;
		};
/* End XCBuildConfiguration section */

/* Begin XCConfigurationList section */
		D6BCA554229E132500AA0CB7 /* Build configuration list for PBXProject "Gigs" */ = {
			isa = XCConfigurationList;
			buildConfigurations = (
				D6BCA569229E132600AA0CB7 /* Debug */,
				D6BCA56A229E132600AA0CB7 /* Release */,
			);
			defaultConfigurationIsVisible = 0;
			defaultConfigurationName = Release;
		};
		D6BCA56B229E132600AA0CB7 /* Build configuration list for PBXNativeTarget "Gigs" */ = {
			isa = XCConfigurationList;
			buildConfigurations = (
				D6BCA56C229E132600AA0CB7 /* Debug */,
				D6BCA56D229E132600AA0CB7 /* Release */,
			);
			defaultConfigurationIsVisible = 0;
			defaultConfigurationName = Release;
		};
/* End XCConfigurationList section */
	};
	rootObject = D6BCA551229E132500AA0CB7 /* Project object */;
}
